[[package]]
category = "main"
description = "Use Database URLs in your Django Application."
name = "dj-database-url"
optional = false
python-versions = "*"
version = "0.5.0"

[[package]]
category = "main"
description = "A high-level Python Web framework that encourages rapid development and clean, pragmatic design."
name = "django"
optional = false
python-versions = ">=3.5"
version = "2.2.7"

[package.dependencies]
pytz = "*"
sqlparse = "*"

[[package]]
category = "main"
description = "Django Admin Extensions"
name = "django-admin"
optional = false
python-versions = "*"
version = "2.0.0"

[package.dependencies]
django-excel-response2 = ">=2.0.8"

[[package]]
category = "main"
description = "A function extends of Tarken's django-excel-response"
name = "django-excel-response2"
optional = false
python-versions = "*"
version = "2.0.8"

[package.dependencies]
django-six = ">=1.0.4"
pytz = "*"
screen = "*"
xlwt = "*"

[[package]]
category = "main"
description = "This is a Django library for Heroku apps."
name = "django-heroku"
optional = false
python-versions = "*"
version = "0.3.1"

[package.dependencies]
dj-database-url = ">=0.5.0"
django = "*"
psycopg2 = "*"
whitenoise = "*"

[[package]]
category = "main"
description = "Django-six —— Django Compatibility Library"
name = "django-six"
optional = false
python-versions = "*"
version = "1.0.4"

[[package]]
category = "main"
description = "Web APIs for Django, made easy."
name = "djangorestframework"
optional = false
python-versions = ">=3.5"
version = "3.10.3"

[[package]]
category = "main"
description = "WSGI HTTP Server for UNIX"
name = "gunicorn"
optional = false
python-versions = ">=2.6, !=3.0.*, !=3.1.*"
version = "19.9.0"

[[package]]
category = "main"
description = "psycopg2 - Python-PostgreSQL Database Adapter"
name = "psycopg2"
optional = false
python-versions = ">=2.7,!=3.0.*,!=3.1.*,!=3.2.*,!=3.3.*"
version = "2.8.4"

[[package]]
category = "main"
description = "World timezone definitions, modern and historical"
name = "pytz"
optional = false
python-versions = "*"
version = "2019.3"

[[package]]
category = "main"
description = "Screen width and so on"
name = "screen"
optional = false
python-versions = "*"
version = "1.0.1"

[[package]]
category = "main"
description = "Non-validating SQL parser"
name = "sqlparse"
optional = false
python-versions = ">=2.7, !=3.0.*, !=3.1.*, !=3.2.*, !=3.3.*"
version = "0.3.0"

[[package]]
category = "main"
description = "Radically simplified static file serving for WSGI applications"
name = "whitenoise"
optional = false
python-versions = "*"
version = "4.1.4"

[[package]]
category = "main"
description = "Library to create spreadsheet files compatible with MS Excel 97/2000/XP/2003 XLS files, on any platform, with Python 2.6, 2.7, 3.3+"
name = "xlwt"
optional = false
python-versions = "*"
version = "1.3.0"

[metadata]
content-hash = "0482edbf28bfebe16f44634bd26aca4f367963fc3f527c2a20a2d5f62548485b"
python-versions = "^3.6"

[metadata.hashes]
dj-database-url = ["4aeaeb1f573c74835b0686a2b46b85990571159ffc21aa57ecd4d1e1cb334163", "851785365761ebe4994a921b433062309eb882fedd318e1b0fcecc607ed02da9"]
django = ["16040e1288c6c9f68c6da2fe75ebde83c0a158f6f5d54f4c5177b0c1478c5b86", "89c2007ca4fa5b351a51a279eccff298520783b713bf28efb89dfb81c80ea49b"]
django-admin = ["75dd78b29a02cf80f6cd1206e407f69661147b9193755608e21aacbd06afab7b", "ebd6e57e7e6dc6dcda9f7f8b84fdb2e88e63f4792206ab0a4b6663a92cd5736a"]
django-excel-response2 = ["0239654e95f375e8eab37a655171bd8c8a896b9b80afa41fd05abecd2d057873", "a1abe97fb2773910d32ed0a222c20cd6ae8f241025a6b509a424a2b91defb7a2"]
django-heroku = ["2bc690aab89eedbe01311752320a9a12e7548e3b0ed102681acc5736a41a4762", "6af4bc3ae4a9b55eaad6dbe5164918982d2762661aebc9f83d9fa49f6009514e"]
django-six = ["b05c96f5a7dbdcf9b513748df27421e8d63e586399bac80a928a29d97d78d450", "d307483f3591fa3b471a3724659710229ea3127e112499f2b6f7fa7faa1e27e4"]
djangorestframework = ["5488aed8f8df5ec1d70f04b2114abc52ae6729748a176c453313834a9ee179c8", "dc81cbf9775c6898a580f6f1f387c4777d12bd87abf0f5406018d32ccae71090"]
gunicorn = ["aa8e0b40b4157b36a5df5e599f45c9c76d6af43845ba3b3b0efe2c70473c2471", "fa2662097c66f920f53f70621c6c58ca4a3c4d3434205e608e121b5b3b71f4f3"]
psycopg2 = ["47fc642bf6f427805daf52d6e52619fe0637648fe27017062d898f3bf891419d", "72772181d9bad1fa349792a1e7384dde56742c14af2b9986013eb94a240f005b", "8396be6e5ff844282d4d49b81631772f80dabae5658d432202faf101f5283b7c", "893c11064b347b24ecdd277a094413e1954f8a4e8cdaf7ffbe7ca3db87c103f0", "965c4c93e33e6984d8031f74e51227bd755376a9df6993774fd5b6fb3288b1f4", "9ab75e0b2820880ae24b7136c4d230383e07db014456a476d096591172569c38", "b0845e3bdd4aa18dc2f9b6fb78fbd3d9d371ad167fd6d1b7ad01c0a6cdad4fc6", "dca2d7203f0dfce8ea4b3efd668f8ea65cd2b35112638e488a4c12594015f67b", "ed686e5926929887e2c7ae0a700e32c6129abb798b4ad2b846e933de21508151", "ef6df7e14698e79c59c7ee7cf94cd62e5b869db369ed4b1b8f7b729ea825712a", "f898e5cc0a662a9e12bde6f931263a1bbd350cfb18e1d5336a12927851825bb6"]
pytz = ["1c557d7d0e871de1f5ccd5833f60fb2550652da6be2693c1e02300743d21500d", "b02c06db6cf09c12dd25137e563b31700d3b80fcc4ad23abb7a315f2789819be"]
screen = ["29009e0306d005679cc43c8cd69856a046265433310c10e71920591de3c58fda", "aebfe90de7b8a646d4f3c2b214bd6ffa2ab12ed9d0b14c08620d9c7f7b8ee670"]
sqlparse = ["40afe6b8d4b1117e7dff5504d7a8ce07d9a1b15aeeade8a2d10f130a834f8177", "7c3dca29c022744e95b547e867cee89f4fce4373f3549ccd8797d8eb52cdb873"]
whitenoise = ["22f79cf8f1f509639330f93886acaece8ec5ac5e9600c3b981d33c34e8a42dfd", "6dfea214b7c12efd689007abf9afa87a426586e9dbc051873ad2c8e535e2a1ac"]
xlwt = ["a082260524678ba48a297d922cc385f58278b8aa68741596a87de01a9c628b2e", "c59912717a9b28f1a3c2a98fd60741014b06b043936dcecbc113eaaada156c88"]
